
Microsoft Visual Studio Solution File, Format Version 12.00
# Visual Studio 15
VisualStudioVersion = 15.0.27703.2026
MinimumVisualStudioVersion = 10.0.40219.1
Project("{FAE04EC0-301F-11D3-BF4B-00C04F79EFBC}") = "TeclasMnuATeclasMnuXml", "TeclasMnuATeclasMnuXml\TeclasMnuATeclasMnuXml.csproj", "{520C9158-E6AB-46D2-8B30-9465233430F5}"
EndProject
Project("{8BC9CEB8-8B4A-11D0-8D11-00A0C91BC942}") = "CreaDiccionarioTeclas", "CreaDiccionarioTeclas\CreaDiccionarioTeclas.vcxproj", "{6BB473C5-97DE-4502-8C57-A421A7028D0C}"
EndProject
Global
	GlobalSection(SolutionConfigurationPlatforms) = preSolution
		Debug|x86 = Debug|x86
		Release|x86 = Release|x86
	EndGlobalSection
	GlobalSection(ProjectConfigurationPlatforms) = postSolution
		{520C9158-E6AB-46D2-8B30-9465233430F5}.Debug|x86.ActiveCfg = Debug|x86
		{520C9158-E6AB-46D2-8B30-9465233430F5}.Debug|x86.Build.0 = Debug|x86
		{520C9158-E6AB-46D2-8B30-9465233430F5}.Release|x86.ActiveCfg = Release|x86
		{520C9158-E6AB-46D2-8B30-9465233430F5}.Release|x86.Build.0 = Release|x86
		{6BB473C5-97DE-4502-8C57-A421A7028D0C}.Debug|x86.ActiveCfg = Debug|Win32
		{6BB473C5-97DE-4502-8C57-A421A7028D0C}.Debug|x86.Build.0 = Debug|Win32
		{6BB473C5-97DE-4502-8C57-A421A7028D0C}.Release|x86.ActiveCfg = Release|Win32
		{6BB473C5-97DE-4502-8C57-A421A7028D0C}.Release|x86.Build.0 = Release|Win32
	EndGlobalSection
	GlobalSection(SolutionProperties) = preSolution
		HideSolutionNode = FALSE
	EndGlobalSection
	GlobalSection(ExtensibilityGlobals) = postSolution
		SolutionGuid = {8D94A29B-8274-41F6-8802-22AA94CA98FD}
	EndGlobalSection
EndGlobal
